
Microsoft Visual Studio Solution File, Format Version 12.00
# Visual Studio Version 16
VisualStudioVersion = 16.0.29102.190
MinimumVisualStudioVersion = 10.0.40219.1
Project("{FAE04EC0-301F-11D3-BF4B-00C04F79EFBC}") = "A_WebAPI_To_Hit_Get_5_Day_Forecast", "A_WebAPI_To_Hit_Get_5_Day_Forecast\A_WebAPI_To_Hit_Get_5_Day_Forecast.csproj", "{4CDD753E-D9B4-4BFC-955D-D2D6F2C217D8}"
EndProject
Global
	GlobalSection(SolutionConfigurationPlatforms) = preSolution
		Debug|Any CPU = Debug|Any CPU
		Release|Any CPU = Release|Any CPU
	EndGlobalSection
	GlobalSection(ProjectConfigurationPlatforms) = postSolution
		{4CDD753E-D9B4-4BFC-955D-D2D6F2C217D8}.Debug|Any CPU.ActiveCfg = Debug|Any CPU
		{4CDD753E-D9B4-4BFC-955D-D2D6F2C217D8}.Debug|Any CPU.Build.0 = Debug|Any CPU
		{4CDD753E-D9B4-4BFC-955D-D2D6F2C217D8}.Release|Any CPU.ActiveCfg = Release|Any CPU
		{4CDD753E-D9B4-4BFC-955D-D2D6F2C217D8}.Release|Any CPU.Build.0 = Release|Any CPU
	EndGlobalSection
	GlobalSection(SolutionProperties) = preSolution
		HideSolutionNode = FALSE
	EndGlobalSection
	GlobalSection(ExtensibilityGlobals) = postSolution
		SolutionGuid = {455701A5-2C85-42C8-96BE-C6A815AE83DB}
	EndGlobalSection
EndGlobal
